
Microsoft Visual Studio Solution File, Format Version 12.00
# Visual Studio 2013
VisualStudioVersion = 12.0.21005.1
MinimumVisualStudioVersion = 10.0.40219.1
Project("{888888A0-9F3D-457C-B088-3A5042F75D52}") = "django-angular", "django-angular.pyproj", "{9101922E-02A0-4FA9-B980-0A04EEB2B04E}"
EndProject
Global
	GlobalSection(SolutionConfigurationPlatforms) = preSolution
		Debug|Any CPU = Debug|Any CPU
		Release|Any CPU = Release|Any CPU
	EndGlobalSection
	GlobalSection(ProjectConfigurationPlatforms) = postSolution
		{9101922E-02A0-4FA9-B980-0A04EEB2B04E}.Debug|Any CPU.ActiveCfg = Debug|Any CPU
		{9101922E-02A0-4FA9-B980-0A04EEB2B04E}.Debug|Any CPU.Build.0 = Debug|Any CPU
		{9101922E-02A0-4FA9-B980-0A04EEB2B04E}.Release|Any CPU.ActiveCfg = Release|Any CPU
		{9101922E-02A0-4FA9-B980-0A04EEB2B04E}.Release|Any CPU.Build.0 = Release|Any CPU
	EndGlobalSection
	GlobalSection(SolutionProperties) = preSolution
		HideSolutionNode = FALSE
	EndGlobalSection
EndGlobal
